
Microsoft Visual Studio Solution File, Format Version 12.00
# Visual Studio 15
VisualStudioVersion = 15.0.26730.3
MinimumVisualStudioVersion = 10.0.40219.1
Project("{8BC9CEB8-8B4A-11D0-8D11-00A0C91BC942}") = "HelloWorld", "HelloWorld\HelloWorld.vcxproj", "{40854740-5671-476A-B9AF-5085A1BB27AF}"
EndProject
Project("{8BC9CEB8-8B4A-11D0-8D11-00A0C91BC942}") = "Variables", "Variables\Variables.vcxproj", "{26629236-ACA1-4A42-8F68-1F610996E9AF}"
EndProject
Project("{8BC9CEB8-8B4A-11D0-8D11-00A0C91BC942}") = "Conditionals", "Conditionals\Conditionals.vcxproj", "{5507847E-80AC-4D5E-8897-A920A668FCEE}"
EndProject
Project("{8BC9CEB8-8B4A-11D0-8D11-00A0C91BC942}") = "Loops", "Loops\Loops.vcxproj", "{46535351-96A5-40BE-BF0B-A9C619908FF4}"
EndProject
Project("{8BC9CEB8-8B4A-11D0-8D11-00A0C91BC942}") = "Tester", "Tester\Tester.vcxproj", "{253391F3-84AB-4DB6-92D4-84D9F83A953E}"
EndProject
Global
	GlobalSection(SolutionConfigurationPlatforms) = preSolution
		Debug|x64 = Debug|x64
		Debug|x86 = Debug|x86
		Release|x64 = Release|x64
		Release|x86 = Release|x86
	EndGlobalSection
	GlobalSection(ProjectConfigurationPlatforms) = postSolution
		{40854740-5671-476A-B9AF-5085A1BB27AF}.Debug|x64.ActiveCfg = Debug|x64
		{40854740-5671-476A-B9AF-5085A1BB27AF}.Debug|x64.Build.0 = Debug|x64
		{40854740-5671-476A-B9AF-5085A1BB27AF}.Debug|x86.ActiveCfg = Debug|Win32
		{40854740-5671-476A-B9AF-5085A1BB27AF}.Debug|x86.Build.0 = Debug|Win32
		{40854740-5671-476A-B9AF-5085A1BB27AF}.Release|x64.ActiveCfg = Release|x64
		{40854740-5671-476A-B9AF-5085A1BB27AF}.Release|x64.Build.0 = Release|x64
		{40854740-5671-476A-B9AF-5085A1BB27AF}.Release|x86.ActiveCfg = Release|Win32
		{40854740-5671-476A-B9AF-5085A1BB27AF}.Release|x86.Build.0 = Release|Win32
		{26629236-ACA1-4A42-8F68-1F610996E9AF}.Debug|x64.ActiveCfg = Debug|x64
		{26629236-ACA1-4A42-8F68-1F610996E9AF}.Debug|x64.Build.0 = Debug|x64
		{26629236-ACA1-4A42-8F68-1F610996E9AF}.Debug|x86.ActiveCfg = Debug|Win32
		{26629236-ACA1-4A42-8F68-1F610996E9AF}.Debug|x86.Build.0 = Debug|Win32
		{26629236-ACA1-4A42-8F68-1F610996E9AF}.Release|x64.ActiveCfg = Release|x64
		{26629236-ACA1-4A42-8F68-1F610996E9AF}.Release|x64.Build.0 = Release|x64
		{26629236-ACA1-4A42-8F68-1F610996E9AF}.Release|x86.ActiveCfg = Release|Win32
		{26629236-ACA1-4A42-8F68-1F610996E9AF}.Release|x86.Build.0 = Release|Win32
		{5507847E-80AC-4D5E-8897-A920A668FCEE}.Debug|x64.ActiveCfg = Debug|x64
		{5507847E-80AC-4D5E-8897-A920A668FCEE}.Debug|x64.Build.0 = Debug|x64
		{5507847E-80AC-4D5E-8897-A920A668FCEE}.Debug|x86.ActiveCfg = Debug|Win32
		{5507847E-80AC-4D5E-8897-A920A668FCEE}.Debug|x86.Build.0 = Debug|Win32
		{5507847E-80AC-4D5E-8897-A920A668FCEE}.Release|x64.ActiveCfg = Release|x64
		{5507847E-80AC-4D5E-8897-A920A668FCEE}.Release|x64.Build.0 = Release|x64
		{5507847E-80AC-4D5E-8897-A920A668FCEE}.Release|x86.ActiveCfg = Release|Win32
		{5507847E-80AC-4D5E-8897-A920A668FCEE}.Release|x86.Build.0 = Release|Win32
		{46535351-96A5-40BE-BF0B-A9C619908FF4}.Debug|x64.ActiveCfg = Debug|x64
		{46535351-96A5-40BE-BF0B-A9C619908FF4}.Debug|x64.Build.0 = Debug|x64
		{46535351-96A5-40BE-BF0B-A9C619908FF4}.Debug|x86.ActiveCfg = Debug|Win32
		{46535351-96A5-40BE-BF0B-A9C619908FF4}.Debug|x86.Build.0 = Debug|Win32
		{46535351-96A5-40BE-BF0B-A9C619908FF4}.Release|x64.ActiveCfg = Release|x64
		{46535351-96A5-40BE-BF0B-A9C619908FF4}.Release|x64.Build.0 = Release|x64
		{46535351-96A5-40BE-BF0B-A9C619908FF4}.Release|x86.ActiveCfg = Release|Win32
		{46535351-96A5-40BE-BF0B-A9C619908FF4}.Release|x86.Build.0 = Release|Win32
		{253391F3-84AB-4DB6-92D4-84D9F83A953E}.Debug|x64.ActiveCfg = Debug|x64
		{253391F3-84AB-4DB6-92D4-84D9F83A953E}.Debug|x64.Build.0 = Debug|x64
		{253391F3-84AB-4DB6-92D4-84D9F83A953E}.Debug|x86.ActiveCfg = Debug|Win32
		{253391F3-84AB-4DB6-92D4-84D9F83A953E}.Debug|x86.Build.0 = Debug|Win32
		{253391F3-84AB-4DB6-92D4-84D9F83A953E}.Release|x64.ActiveCfg = Release|x64
		{253391F3-84AB-4DB6-92D4-84D9F83A953E}.Release|x64.Build.0 = Release|x64
		{253391F3-84AB-4DB6-92D4-84D9F83A953E}.Release|x86.ActiveCfg = Release|Win32
		{253391F3-84AB-4DB6-92D4-84D9F83A953E}.Release|x86.Build.0 = Release|Win32
	EndGlobalSection
	GlobalSection(SolutionProperties) = preSolution
		HideSolutionNode = FALSE
	EndGlobalSection
	GlobalSection(ExtensibilityGlobals) = postSolution
		SolutionGuid = {DCE4BB4E-0C81-4C08-9D75-E374B04ACF8D}
	EndGlobalSection
EndGlobal
