
Microsoft Visual Studio Solution File, Format Version 12.00
# Visual Studio 14
VisualStudioVersion = 14.0.25123.0
MinimumVisualStudioVersion = 10.0.40219.1
Project("{8BC9CEB8-8B4A-11D0-8D11-00A0C91BC942}") = "HelloWorld", "HelloWorld\HelloWorld.vcxproj", "{40854740-5671-476A-B9AF-5085A1BB27AF}"
EndProject
Project("{8BC9CEB8-8B4A-11D0-8D11-00A0C91BC942}") = "Variables", "Variables\Variables.vcxproj", "{26629236-ACA1-4A42-8F68-1F610996E9AF}"
EndProject
Project("{8BC9CEB8-8B4A-11D0-8D11-00A0C91BC942}") = "Conditionals", "Conditionals\Conditionals.vcxproj", "{5507847E-80AC-4D5E-8897-A920A668FCEE}"
EndProject
Project("{8BC9CEB8-8B4A-11D0-8D11-00A0C91BC942}") = "Loops", "Loops\Loops.vcxproj", "{46535351-96A5-40BE-BF0B-A9C619908FF4}"
EndProject
Project("{8BC9CEB8-8B4A-11D0-8D11-00A0C91BC942}") = "Tester", "Tester\Tester.vcxproj", "{253391F3-84AB-4DB6-92D4-84D9F83A953E}"
EndProject
Project("{8BC9CEB8-8B4A-11D0-8D11-00A0C91BC942}") = "Arrays", "Arrays\Arrays.vcxproj", "{87ACF8DA-D0DE-4346-9308-712025BBAC1B}"
EndProject
Project("{8BC9CEB8-8B4A-11D0-8D11-00A0C91BC942}") = "Bad Dragon", "Dragon\Dragon.vcxproj", "{C195F9D0-AB62-4150-AA03-4E8FA46D4F54}"
EndProject
Project("{8BC9CEB8-8B4A-11D0-8D11-00A0C91BC942}") = "Functions", "Functions\Functions.vcxproj", "{4B01BDF2-5AB5-4FB9-B3FD-C0A04E6860C9}"
EndProject
Project("{8BC9CEB8-8B4A-11D0-8D11-00A0C91BC942}") = "TicTacToe", "TicTacToe\TicTacToe.vcxproj", "{86F07F9E-E734-4318-98EF-7B0B273AC417}"
EndProject
Project("{8BC9CEB8-8B4A-11D0-8D11-00A0C91BC942}") = "Structure", "Structure\Structure.vcxproj", "{53BA506E-698D-4161-974C-03448D4C1795}"
EndProject
Project("{8BC9CEB8-8B4A-11D0-8D11-00A0C91BC942}") = "Classes", "Classes\Classes.vcxproj", "{0A6BF634-8D24-40C7-97E3-FFD5CE180E96}"
EndProject
Project("{8BC9CEB8-8B4A-11D0-8D11-00A0C91BC942}") = "Carz", "Carz\Carz.vcxproj", "{C91CEB0A-FD4B-4E07-87C3-4A662555B926}"
EndProject
Project("{8BC9CEB8-8B4A-11D0-8D11-00A0C91BC942}") = "Zombie", "Zombie\Zombie.vcxproj", "{3CFE5711-DF90-4AE8-A34E-218FB03763A2}"
EndProject
Project("{8BC9CEB8-8B4A-11D0-8D11-00A0C91BC942}") = "ClassesPractice", "ClassesPractice\ClassesPractice.vcxproj", "{60672065-5BB9-4D42-8EBA-B3F6881C6444}"
EndProject
Project("{8BC9CEB8-8B4A-11D0-8D11-00A0C91BC942}") = "Zahmbies", "Zahmbies\Zahmbies.vcxproj", "{D8770C80-7474-4FBE-A543-F4F82D83861D}"
EndProject
Project("{8BC9CEB8-8B4A-11D0-8D11-00A0C91BC942}") = "Catz", "Catz\Catz.vcxproj", "{54358375-0BBA-4D0E-B458-1A6F49E9E859}"
EndProject
Project("{8BC9CEB8-8B4A-11D0-8D11-00A0C91BC942}") = "TicTacToeTWO", "TicTacToeTWO\TicTacToeTWO.vcxproj", "{311311EB-E3D0-4198-872E-EF2365C7045E}"
EndProject
Project("{8BC9CEB8-8B4A-11D0-8D11-00A0C91BC942}") = "RaceWars", "RaceWars\RaceWars.vcxproj", "{95E91A54-3A4B-4BEB-A9FF-29287186DB3A}"
EndProject
Project("{8BC9CEB8-8B4A-11D0-8D11-00A0C91BC942}") = "file_io", "file_io\file_io.vcxproj", "{6DB282C0-8FC2-47F6-B5A0-BAD5931E8D8D}"
EndProject
Global
	GlobalSection(SolutionConfigurationPlatforms) = preSolution
		Debug|x64 = Debug|x64
		Debug|x86 = Debug|x86
		Release|x64 = Release|x64
		Release|x86 = Release|x86
	EndGlobalSection
	GlobalSection(ProjectConfigurationPlatforms) = postSolution
		{40854740-5671-476A-B9AF-5085A1BB27AF}.Debug|x64.ActiveCfg = Debug|x64
		{40854740-5671-476A-B9AF-5085A1BB27AF}.Debug|x64.Build.0 = Debug|x64
		{40854740-5671-476A-B9AF-5085A1BB27AF}.Debug|x86.ActiveCfg = Debug|Win32
		{40854740-5671-476A-B9AF-5085A1BB27AF}.Debug|x86.Build.0 = Debug|Win32
		{40854740-5671-476A-B9AF-5085A1BB27AF}.Release|x64.ActiveCfg = Release|x64
		{40854740-5671-476A-B9AF-5085A1BB27AF}.Release|x64.Build.0 = Release|x64
		{40854740-5671-476A-B9AF-5085A1BB27AF}.Release|x86.ActiveCfg = Release|Win32
		{40854740-5671-476A-B9AF-5085A1BB27AF}.Release|x86.Build.0 = Release|Win32
		{26629236-ACA1-4A42-8F68-1F610996E9AF}.Debug|x64.ActiveCfg = Debug|x64
		{26629236-ACA1-4A42-8F68-1F610996E9AF}.Debug|x64.Build.0 = Debug|x64
		{26629236-ACA1-4A42-8F68-1F610996E9AF}.Debug|x86.ActiveCfg = Debug|Win32
		{26629236-ACA1-4A42-8F68-1F610996E9AF}.Debug|x86.Build.0 = Debug|Win32
		{26629236-ACA1-4A42-8F68-1F610996E9AF}.Release|x64.ActiveCfg = Release|x64
		{26629236-ACA1-4A42-8F68-1F610996E9AF}.Release|x64.Build.0 = Release|x64
		{26629236-ACA1-4A42-8F68-1F610996E9AF}.Release|x86.ActiveCfg = Release|Win32
		{26629236-ACA1-4A42-8F68-1F610996E9AF}.Release|x86.Build.0 = Release|Win32
		{5507847E-80AC-4D5E-8897-A920A668FCEE}.Debug|x64.ActiveCfg = Debug|x64
		{5507847E-80AC-4D5E-8897-A920A668FCEE}.Debug|x64.Build.0 = Debug|x64
		{5507847E-80AC-4D5E-8897-A920A668FCEE}.Debug|x86.ActiveCfg = Debug|Win32
		{5507847E-80AC-4D5E-8897-A920A668FCEE}.Debug|x86.Build.0 = Debug|Win32
		{5507847E-80AC-4D5E-8897-A920A668FCEE}.Release|x64.ActiveCfg = Release|x64
		{5507847E-80AC-4D5E-8897-A920A668FCEE}.Release|x64.Build.0 = Release|x64
		{5507847E-80AC-4D5E-8897-A920A668FCEE}.Release|x86.ActiveCfg = Release|Win32
		{5507847E-80AC-4D5E-8897-A920A668FCEE}.Release|x86.Build.0 = Release|Win32
		{46535351-96A5-40BE-BF0B-A9C619908FF4}.Debug|x64.ActiveCfg = Debug|x64
		{46535351-96A5-40BE-BF0B-A9C619908FF4}.Debug|x64.Build.0 = Debug|x64
		{46535351-96A5-40BE-BF0B-A9C619908FF4}.Debug|x86.ActiveCfg = Debug|Win32
		{46535351-96A5-40BE-BF0B-A9C619908FF4}.Debug|x86.Build.0 = Debug|Win32
		{46535351-96A5-40BE-BF0B-A9C619908FF4}.Release|x64.ActiveCfg = Release|x64
		{46535351-96A5-40BE-BF0B-A9C619908FF4}.Release|x64.Build.0 = Release|x64
		{46535351-96A5-40BE-BF0B-A9C619908FF4}.Release|x86.ActiveCfg = Release|Win32
		{46535351-96A5-40BE-BF0B-A9C619908FF4}.Release|x86.Build.0 = Release|Win32
		{253391F3-84AB-4DB6-92D4-84D9F83A953E}.Debug|x64.ActiveCfg = Debug|x64
		{253391F3-84AB-4DB6-92D4-84D9F83A953E}.Debug|x64.Build.0 = Debug|x64
		{253391F3-84AB-4DB6-92D4-84D9F83A953E}.Debug|x86.ActiveCfg = Debug|Win32
		{253391F3-84AB-4DB6-92D4-84D9F83A953E}.Debug|x86.Build.0 = Debug|Win32
		{253391F3-84AB-4DB6-92D4-84D9F83A953E}.Release|x64.ActiveCfg = Release|x64
		{253391F3-84AB-4DB6-92D4-84D9F83A953E}.Release|x64.Build.0 = Release|x64
		{253391F3-84AB-4DB6-92D4-84D9F83A953E}.Release|x86.ActiveCfg = Release|Win32
		{253391F3-84AB-4DB6-92D4-84D9F83A953E}.Release|x86.Build.0 = Release|Win32
		{87ACF8DA-D0DE-4346-9308-712025BBAC1B}.Debug|x64.ActiveCfg = Debug|x64
		{87ACF8DA-D0DE-4346-9308-712025BBAC1B}.Debug|x64.Build.0 = Debug|x64
		{87ACF8DA-D0DE-4346-9308-712025BBAC1B}.Debug|x86.ActiveCfg = Debug|Win32
		{87ACF8DA-D0DE-4346-9308-712025BBAC1B}.Debug|x86.Build.0 = Debug|Win32
		{87ACF8DA-D0DE-4346-9308-712025BBAC1B}.Release|x64.ActiveCfg = Release|x64
		{87ACF8DA-D0DE-4346-9308-712025BBAC1B}.Release|x64.Build.0 = Release|x64
		{87ACF8DA-D0DE-4346-9308-712025BBAC1B}.Release|x86.ActiveCfg = Release|Win32
		{87ACF8DA-D0DE-4346-9308-712025BBAC1B}.Release|x86.Build.0 = Release|Win32
		{C195F9D0-AB62-4150-AA03-4E8FA46D4F54}.Debug|x64.ActiveCfg = Debug|x64
		{C195F9D0-AB62-4150-AA03-4E8FA46D4F54}.Debug|x64.Build.0 = Debug|x64
		{C195F9D0-AB62-4150-AA03-4E8FA46D4F54}.Debug|x86.ActiveCfg = Debug|Win32
		{C195F9D0-AB62-4150-AA03-4E8FA46D4F54}.Debug|x86.Build.0 = Debug|Win32
		{C195F9D0-AB62-4150-AA03-4E8FA46D4F54}.Release|x64.ActiveCfg = Release|x64
		{C195F9D0-AB62-4150-AA03-4E8FA46D4F54}.Release|x64.Build.0 = Release|x64
		{C195F9D0-AB62-4150-AA03-4E8FA46D4F54}.Release|x86.ActiveCfg = Release|Win32
		{C195F9D0-AB62-4150-AA03-4E8FA46D4F54}.Release|x86.Build.0 = Release|Win32
		{4B01BDF2-5AB5-4FB9-B3FD-C0A04E6860C9}.Debug|x64.ActiveCfg = Debug|x64
		{4B01BDF2-5AB5-4FB9-B3FD-C0A04E6860C9}.Debug|x64.Build.0 = Debug|x64
		{4B01BDF2-5AB5-4FB9-B3FD-C0A04E6860C9}.Debug|x86.ActiveCfg = Debug|Win32
		{4B01BDF2-5AB5-4FB9-B3FD-C0A04E6860C9}.Debug|x86.Build.0 = Debug|Win32
		{4B01BDF2-5AB5-4FB9-B3FD-C0A04E6860C9}.Release|x64.ActiveCfg = Release|x64
		{4B01BDF2-5AB5-4FB9-B3FD-C0A04E6860C9}.Release|x64.Build.0 = Release|x64
		{4B01BDF2-5AB5-4FB9-B3FD-C0A04E6860C9}.Release|x86.ActiveCfg = Release|Win32
		{4B01BDF2-5AB5-4FB9-B3FD-C0A04E6860C9}.Release|x86.Build.0 = Release|Win32
		{86F07F9E-E734-4318-98EF-7B0B273AC417}.Debug|x64.ActiveCfg = Debug|x64
		{86F07F9E-E734-4318-98EF-7B0B273AC417}.Debug|x64.Build.0 = Debug|x64
		{86F07F9E-E734-4318-98EF-7B0B273AC417}.Debug|x86.ActiveCfg = Debug|Win32
		{86F07F9E-E734-4318-98EF-7B0B273AC417}.Debug|x86.Build.0 = Debug|Win32
		{86F07F9E-E734-4318-98EF-7B0B273AC417}.Release|x64.ActiveCfg = Release|x64
		{86F07F9E-E734-4318-98EF-7B0B273AC417}.Release|x64.Build.0 = Release|x64
		{86F07F9E-E734-4318-98EF-7B0B273AC417}.Release|x86.ActiveCfg = Release|Win32
		{86F07F9E-E734-4318-98EF-7B0B273AC417}.Release|x86.Build.0 = Release|Win32
		{53BA506E-698D-4161-974C-03448D4C1795}.Debug|x64.ActiveCfg = Debug|x64
		{53BA506E-698D-4161-974C-03448D4C1795}.Debug|x64.Build.0 = Debug|x64
		{53BA506E-698D-4161-974C-03448D4C1795}.Debug|x86.ActiveCfg = Debug|Win32
		{53BA506E-698D-4161-974C-03448D4C1795}.Debug|x86.Build.0 = Debug|Win32
		{53BA506E-698D-4161-974C-03448D4C1795}.Release|x64.ActiveCfg = Release|x64
		{53BA506E-698D-4161-974C-03448D4C1795}.Release|x64.Build.0 = Release|x64
		{53BA506E-698D-4161-974C-03448D4C1795}.Release|x86.ActiveCfg = Release|Win32
		{53BA506E-698D-4161-974C-03448D4C1795}.Release|x86.Build.0 = Release|Win32
		{0A6BF634-8D24-40C7-97E3-FFD5CE180E96}.Debug|x64.ActiveCfg = Debug|x64
		{0A6BF634-8D24-40C7-97E3-FFD5CE180E96}.Debug|x64.Build.0 = Debug|x64
		{0A6BF634-8D24-40C7-97E3-FFD5CE180E96}.Debug|x86.ActiveCfg = Debug|Win32
		{0A6BF634-8D24-40C7-97E3-FFD5CE180E96}.Debug|x86.Build.0 = Debug|Win32
		{0A6BF634-8D24-40C7-97E3-FFD5CE180E96}.Release|x64.ActiveCfg = Release|x64
		{0A6BF634-8D24-40C7-97E3-FFD5CE180E96}.Release|x64.Build.0 = Release|x64
		{0A6BF634-8D24-40C7-97E3-FFD5CE180E96}.Release|x86.ActiveCfg = Release|Win32
		{0A6BF634-8D24-40C7-97E3-FFD5CE180E96}.Release|x86.Build.0 = Release|Win32
		{C91CEB0A-FD4B-4E07-87C3-4A662555B926}.Debug|x64.ActiveCfg = Debug|x64
		{C91CEB0A-FD4B-4E07-87C3-4A662555B926}.Debug|x64.Build.0 = Debug|x64
		{C91CEB0A-FD4B-4E07-87C3-4A662555B926}.Debug|x86.ActiveCfg = Debug|Win32
		{C91CEB0A-FD4B-4E07-87C3-4A662555B926}.Debug|x86.Build.0 = Debug|Win32
		{C91CEB0A-FD4B-4E07-87C3-4A662555B926}.Release|x64.ActiveCfg = Release|x64
		{C91CEB0A-FD4B-4E07-87C3-4A662555B926}.Release|x64.Build.0 = Release|x64
		{C91CEB0A-FD4B-4E07-87C3-4A662555B926}.Release|x86.ActiveCfg = Release|Win32
		{C91CEB0A-FD4B-4E07-87C3-4A662555B926}.Release|x86.Build.0 = Release|Win32
		{3CFE5711-DF90-4AE8-A34E-218FB03763A2}.Debug|x64.ActiveCfg = Debug|x64
		{3CFE5711-DF90-4AE8-A34E-218FB03763A2}.Debug|x64.Build.0 = Debug|x64
		{3CFE5711-DF90-4AE8-A34E-218FB03763A2}.Debug|x86.ActiveCfg = Debug|Win32
		{3CFE5711-DF90-4AE8-A34E-218FB03763A2}.Debug|x86.Build.0 = Debug|Win32
		{3CFE5711-DF90-4AE8-A34E-218FB03763A2}.Release|x64.ActiveCfg = Release|x64
		{3CFE5711-DF90-4AE8-A34E-218FB03763A2}.Release|x64.Build.0 = Release|x64
		{3CFE5711-DF90-4AE8-A34E-218FB03763A2}.Release|x86.ActiveCfg = Release|Win32
		{3CFE5711-DF90-4AE8-A34E-218FB03763A2}.Release|x86.Build.0 = Release|Win32
		{60672065-5BB9-4D42-8EBA-B3F6881C6444}.Debug|x64.ActiveCfg = Debug|x64
		{60672065-5BB9-4D42-8EBA-B3F6881C6444}.Debug|x64.Build.0 = Debug|x64
		{60672065-5BB9-4D42-8EBA-B3F6881C6444}.Debug|x86.ActiveCfg = Debug|Win32
		{60672065-5BB9-4D42-8EBA-B3F6881C6444}.Debug|x86.Build.0 = Debug|Win32
		{60672065-5BB9-4D42-8EBA-B3F6881C6444}.Release|x64.ActiveCfg = Release|x64
		{60672065-5BB9-4D42-8EBA-B3F6881C6444}.Release|x64.Build.0 = Release|x64
		{60672065-5BB9-4D42-8EBA-B3F6881C6444}.Release|x86.ActiveCfg = Release|Win32
		{60672065-5BB9-4D42-8EBA-B3F6881C6444}.Release|x86.Build.0 = Release|Win32
		{D8770C80-7474-4FBE-A543-F4F82D83861D}.Debug|x64.ActiveCfg = Debug|x64
		{D8770C80-7474-4FBE-A543-F4F82D83861D}.Debug|x64.Build.0 = Debug|x64
		{D8770C80-7474-4FBE-A543-F4F82D83861D}.Debug|x86.ActiveCfg = Debug|Win32
		{D8770C80-7474-4FBE-A543-F4F82D83861D}.Debug|x86.Build.0 = Debug|Win32
		{D8770C80-7474-4FBE-A543-F4F82D83861D}.Release|x64.ActiveCfg = Release|x64
		{D8770C80-7474-4FBE-A543-F4F82D83861D}.Release|x64.Build.0 = Release|x64
		{D8770C80-7474-4FBE-A543-F4F82D83861D}.Release|x86.ActiveCfg = Release|Win32
		{D8770C80-7474-4FBE-A543-F4F82D83861D}.Release|x86.Build.0 = Release|Win32
		{54358375-0BBA-4D0E-B458-1A6F49E9E859}.Debug|x64.ActiveCfg = Debug|x64
		{54358375-0BBA-4D0E-B458-1A6F49E9E859}.Debug|x64.Build.0 = Debug|x64
		{54358375-0BBA-4D0E-B458-1A6F49E9E859}.Debug|x86.ActiveCfg = Debug|Win32
		{54358375-0BBA-4D0E-B458-1A6F49E9E859}.Debug|x86.Build.0 = Debug|Win32
		{54358375-0BBA-4D0E-B458-1A6F49E9E859}.Release|x64.ActiveCfg = Release|x64
		{54358375-0BBA-4D0E-B458-1A6F49E9E859}.Release|x64.Build.0 = Release|x64
		{54358375-0BBA-4D0E-B458-1A6F49E9E859}.Release|x86.ActiveCfg = Release|Win32
		{54358375-0BBA-4D0E-B458-1A6F49E9E859}.Release|x86.Build.0 = Release|Win32
		{311311EB-E3D0-4198-872E-EF2365C7045E}.Debug|x64.ActiveCfg = Debug|x64
		{311311EB-E3D0-4198-872E-EF2365C7045E}.Debug|x64.Build.0 = Debug|x64
		{311311EB-E3D0-4198-872E-EF2365C7045E}.Debug|x86.ActiveCfg = Debug|Win32
		{311311EB-E3D0-4198-872E-EF2365C7045E}.Debug|x86.Build.0 = Debug|Win32
		{311311EB-E3D0-4198-872E-EF2365C7045E}.Release|x64.ActiveCfg = Release|x64
		{311311EB-E3D0-4198-872E-EF2365C7045E}.Release|x64.Build.0 = Release|x64
		{311311EB-E3D0-4198-872E-EF2365C7045E}.Release|x86.ActiveCfg = Release|Win32
		{311311EB-E3D0-4198-872E-EF2365C7045E}.Release|x86.Build.0 = Release|Win32
		{95E91A54-3A4B-4BEB-A9FF-29287186DB3A}.Debug|x64.ActiveCfg = Debug|x64
		{95E91A54-3A4B-4BEB-A9FF-29287186DB3A}.Debug|x64.Build.0 = Debug|x64
		{95E91A54-3A4B-4BEB-A9FF-29287186DB3A}.Debug|x86.ActiveCfg = Debug|Win32
		{95E91A54-3A4B-4BEB-A9FF-29287186DB3A}.Debug|x86.Build.0 = Debug|Win32
		{95E91A54-3A4B-4BEB-A9FF-29287186DB3A}.Release|x64.ActiveCfg = Release|x64
		{95E91A54-3A4B-4BEB-A9FF-29287186DB3A}.Release|x64.Build.0 = Release|x64
		{95E91A54-3A4B-4BEB-A9FF-29287186DB3A}.Release|x86.ActiveCfg = Release|Win32
		{95E91A54-3A4B-4BEB-A9FF-29287186DB3A}.Release|x86.Build.0 = Release|Win32
		{6DB282C0-8FC2-47F6-B5A0-BAD5931E8D8D}.Debug|x64.ActiveCfg = Debug|x64
		{6DB282C0-8FC2-47F6-B5A0-BAD5931E8D8D}.Debug|x64.Build.0 = Debug|x64
		{6DB282C0-8FC2-47F6-B5A0-BAD5931E8D8D}.Debug|x86.ActiveCfg = Debug|Win32
		{6DB282C0-8FC2-47F6-B5A0-BAD5931E8D8D}.Debug|x86.Build.0 = Debug|Win32
		{6DB282C0-8FC2-47F6-B5A0-BAD5931E8D8D}.Release|x64.ActiveCfg = Release|x64
		{6DB282C0-8FC2-47F6-B5A0-BAD5931E8D8D}.Release|x64.Build.0 = Release|x64
		{6DB282C0-8FC2-47F6-B5A0-BAD5931E8D8D}.Release|x86.ActiveCfg = Release|Win32
		{6DB282C0-8FC2-47F6-B5A0-BAD5931E8D8D}.Release|x86.Build.0 = Release|Win32
	EndGlobalSection
	GlobalSection(SolutionProperties) = preSolution
		HideSolutionNode = FALSE
	EndGlobalSection
	GlobalSection(ExtensibilityGlobals) = postSolution
		SolutionGuid = {DCE4BB4E-0C81-4C08-9D75-E374B04ACF8D}
	EndGlobalSection
EndGlobal
